
Microsoft Visual Studio Solution File, Format Version 12.00
# Visual Studio 15
VisualStudioVersion = 15.0.27703.2042
MinimumVisualStudioVersion = 10.0.40219.1
Project("{FAE04EC0-301F-11D3-BF4B-00C04F79EFBC}") = "00_Biblioteca", "00_Biblioteca\00_Biblioteca.csproj", "{B3AD606D-7DBA-48CD-A960-B3ED24D59AEB}"
EndProject
Project("{FAE04EC0-301F-11D3-BF4B-00C04F79EFBC}") = "01_SerializacaoXML", "01_SerializacaoXML\01_SerializacaoXML.csproj", "{69FAFF39-2C8E-4BCD-9D5B-8244B806B14A}"
EndProject
Project("{FAE04EC0-301F-11D3-BF4B-00C04F79EFBC}") = "02_DeserializarXML", "02_DeserializarXML\02_DeserializarXML.csproj", "{0DDF9546-BCE6-4FAA-9725-1BFD948ECE2F}"
EndProject
Global
	GlobalSection(SolutionConfigurationPlatforms) = preSolution
		Debug|Any CPU = Debug|Any CPU
		Release|Any CPU = Release|Any CPU
	EndGlobalSection
	GlobalSection(ProjectConfigurationPlatforms) = postSolution
		{B3AD606D-7DBA-48CD-A960-B3ED24D59AEB}.Debug|Any CPU.ActiveCfg = Debug|Any CPU
		{B3AD606D-7DBA-48CD-A960-B3ED24D59AEB}.Debug|Any CPU.Build.0 = Debug|Any CPU
		{B3AD606D-7DBA-48CD-A960-B3ED24D59AEB}.Release|Any CPU.ActiveCfg = Release|Any CPU
		{B3AD606D-7DBA-48CD-A960-B3ED24D59AEB}.Release|Any CPU.Build.0 = Release|Any CPU
		{69FAFF39-2C8E-4BCD-9D5B-8244B806B14A}.Debug|Any CPU.ActiveCfg = Debug|Any CPU
		{69FAFF39-2C8E-4BCD-9D5B-8244B806B14A}.Debug|Any CPU.Build.0 = Debug|Any CPU
		{69FAFF39-2C8E-4BCD-9D5B-8244B806B14A}.Release|Any CPU.ActiveCfg = Release|Any CPU
		{69FAFF39-2C8E-4BCD-9D5B-8244B806B14A}.Release|Any CPU.Build.0 = Release|Any CPU
		{0DDF9546-BCE6-4FAA-9725-1BFD948ECE2F}.Debug|Any CPU.ActiveCfg = Debug|Any CPU
		{0DDF9546-BCE6-4FAA-9725-1BFD948ECE2F}.Debug|Any CPU.Build.0 = Debug|Any CPU
		{0DDF9546-BCE6-4FAA-9725-1BFD948ECE2F}.Release|Any CPU.ActiveCfg = Release|Any CPU
		{0DDF9546-BCE6-4FAA-9725-1BFD948ECE2F}.Release|Any CPU.Build.0 = Release|Any CPU
	EndGlobalSection
	GlobalSection(SolutionProperties) = preSolution
		HideSolutionNode = FALSE
	EndGlobalSection
	GlobalSection(ExtensibilityGlobals) = postSolution
		SolutionGuid = {B2B5CFB9-F093-49EC-AF27-12C3322011B0}
	EndGlobalSection
EndGlobal
